<?xml version="1.0" encoding="utf-8"?>
<Project ToolsVersion="4.0" xmlns="http://schemas.microsoft.com/developer/msbuild/2003">
  <ItemGroup>
    <Filter Include="Source Files">
      <UniqueIdentifier>{4FC737F1-C7A5-4376-A066-2A32D752A2FF}</UniqueIdentifier>
      <Extensions>cpp;c;cc;cxx;c++;cppm;ixx;def;odl;idl;hpj;bat;asm;asmx</Extensions>
    </Filter>
    <Filter Include="Header Files">
      <UniqueIdentifier>{93995380-89BD-4b04-88EB-625FBE52EBFB}</UniqueIdentifier>
      <Extensions>h;hh;hpp;hxx;h++;hm;inl;inc;ipp;xsd</Extensions>
    </Filter>
    <Filter Include="shader">
      <UniqueIdentifier>{c29ab6c5-21d7-4e2f-b582-d6bb175f01df}</UniqueIdentifier>
    </Filter>
    <Filter Include="textures">
      <UniqueIdentifier>{1030b788-6ec3-4f08-805a-08e1127b62e1}</UniqueIdentifier>
    </Filter>
    <Filter Include="models">
      <UniqueIdentifier>{0e04a03a-581d-4e56-9d26-a6f216087302}</UniqueIdentifier>
    </Filter>
  </ItemGroup>
  <ItemGroup>
    <ClCompile Include="main.cpp">
      <Filter>Source Files</Filter>
    </ClCompile>
    <ClCompile Include="Game.cpp">
      <Filter>Source Files</Filter>
    </ClCompile>
  </ItemGroup>
  <ItemGroup>
    <ClInclude Include="Game.h">
      <Filter>Header Files</Filter>
    </ClInclude>
    <ClInclude Include="Structs.h">
      <Filter>Header Files</Filter>
    </ClInclude>
    <ClInclude Include="Semaphore.h">
      <Filter>Header Files</Filter>
    </ClInclude>
  </ItemGroup>
  <ItemGroup>
    <Image Include="textures\dae.jpg">
      <Filter>textures</Filter>
    </Image>
    <Image Include="textures\viking_room.png">
      <Filter>textures</Filter>
    </Image>
  </ItemGroup>
  <ItemGroup>
    <None Include="shader\compile.bat">
      <Filter>shader</Filter>
    </None>
    <None Include="shader\frag.spv">
      <Filter>shader</Filter>
    </None>
    <None Include="shader\shader.frag">
      <Filter>shader</Filter>
    </None>
    <None Include="shader\shader.vert">
      <Filter>shader</Filter>
    </None>
    <None Include="shader\vert.spv">
      <Filter>shader</Filter>
    </None>
  </ItemGroup>
</Project>